
Microsoft Visual Studio Solution File, Format Version 12.00
# Visual Studio Version 17
VisualStudioVersion = 17.2.32630.192
MinimumVisualStudioVersion = 10.0.40219.1
Project("{FAE04EC0-301F-11D3-BF4B-00C04F79EFBC}") = "QLBH-Nguyễn Hữu Tiên", "LtCSDL\QLBH-Nguyễn Hữu Tiên.csproj", "{92304D7B-C10C-4D25-A8F7-4B471E330754}"
EndProject
Global
	GlobalSection(SolutionConfigurationPlatforms) = preSolution
		Debug|Any CPU = Debug|Any CPU
		Release|Any CPU = Release|Any CPU
	EndGlobalSection
	GlobalSection(ProjectConfigurationPlatforms) = postSolution
		{92304D7B-C10C-4D25-A8F7-4B471E330754}.Debug|Any CPU.ActiveCfg = Debug|Any CPU
		{92304D7B-C10C-4D25-A8F7-4B471E330754}.Debug|Any CPU.Build.0 = Debug|Any CPU
		{92304D7B-C10C-4D25-A8F7-4B471E330754}.Release|Any CPU.ActiveCfg = Release|Any CPU
		{92304D7B-C10C-4D25-A8F7-4B471E330754}.Release|Any CPU.Build.0 = Release|Any CPU
	EndGlobalSection
	GlobalSection(SolutionProperties) = preSolution
		HideSolutionNode = FALSE
	EndGlobalSection
	GlobalSection(ExtensibilityGlobals) = postSolution
		SolutionGuid = {8294C25E-7A60-4892-ACBA-FB9DE82C8BDB}
	EndGlobalSection
EndGlobal
